lockfileVersion: 5.3

importers:

  .:
    specifiers:
      '@rollup/pluginutils': ^4.1.1
      '@swc/core': ^1.2.62
      rollup: ^2.52.4
      typescript: ^4.3.4
    dependencies:
      '@rollup/pluginutils': 4.1.1
    devDependencies:
      '@swc/core': 1.2.62
      rollup: 2.52.4
      typescript: 4.3.4

  example:
    specifiers:
      '@rollup/plugin-node-resolve': ^13.0.0
      rollup: ^2.52.3
      rollup-plugin-swc: ../
    devDependencies:
      '@rollup/plugin-node-resolve': 13.0.0_rollup@2.52.4
      rollup: 2.52.4
      rollup-plugin-swc: link:..

packages:

  /@napi-rs/triples/1.0.2:
    resolution: {integrity: sha512-EL3SiX43m9poFSnhDx4d4fn9SSaqyO2rHsCNhETi9bWPmjXK3uPJ0QpPFtx39FEdHcz1vJmsiW41kqc0AgvtzQ==}
    dev: true

  /@node-rs/helper/1.2.0:
    resolution: {integrity: sha512-pzIFIS0POyqWVqdcF0NQO2DjnO1IeI1UN/hENCZMW3o/ndEpTmZLRVhoXGSHjjzoQaEuHwzj79BnYUXI3syv8w==}
    dependencies:
      '@napi-rs/triples': 1.0.2
      tslib: 2.3.0
    dev: true

  /@rollup/plugin-node-resolve/13.0.0_rollup@2.52.4:
    resolution: {integrity: sha512-41X411HJ3oikIDivT5OKe9EZ6ud6DXudtfNrGbC4nniaxx2esiWjkLOzgnZsWq1IM8YIeL2rzRGLZLBjlhnZtQ==}
    engines: {node: '>= 10.0.0'}
    peerDependencies:
      rollup: ^2.42.0
    dependencies:
      '@rollup/pluginutils': 3.1.0_rollup@2.52.4
      '@types/resolve': 1.17.1
      builtin-modules: 3.2.0
      deepmerge: 4.2.2
      is-module: 1.0.0
      resolve: 1.20.0
      rollup: 2.52.4
    dev: true

  /@rollup/pluginutils/3.1.0_rollup@2.52.4:
    resolution: {integrity: sha512-GksZ6pr6TpIjHm8h9lSQ8pi8BE9VeubNT0OMJ3B5uZJ8pz73NPiqOtCog/x2/QzM1ENChPKxMDhiQuRHsqc+lg==}
    engines: {node: '>= 8.0.0'}
    peerDependencies:
      rollup: ^1.20.0||^2.0.0
    dependencies:
      '@types/estree': 0.0.39
      estree-walker: 1.0.1
      picomatch: 2.3.0
      rollup: 2.52.4
    dev: true

  /@rollup/pluginutils/4.1.1:
    resolution: {integrity: sha512-clDjivHqWGXi7u+0d2r2sBi4Ie6VLEAzWMIkvJLnDmxoOhBYOTfzGbOQBA32THHm11/LiJbd01tJUpJsbshSWQ==}
    engines: {node: '>= 8.0.0'}
    dependencies:
      estree-walker: 2.0.2
      picomatch: 2.3.0
    dev: false

  /@swc/core-android-arm64/1.2.62:
    resolution: {integrity: sha512-RZYo5d5S8XnAbS/eBxnUxsVM8pYzCWkFAN1rJwSn7aVwnrfSYwdyIM6JFieyvUL69g5bOyjXgH9fY8XllV5V9A==}
    engines: {node: '>=10'}
    cpu: [arm64]
    os: [android]
    requiresBuild: true
    dev: true
    optional: true

  /@swc/core-darwin-arm64/1.2.62:
    resolution: {integrity: sha512-+SHfPZkVVVGhkOhFK7yn9B0TPUDSjMAXv+zMcvwKICca01TbH/OqVbjDXmBw/yEleWxmJok5IFAtmWFyRbiB6A==}
    engines: {node: '>=10'}
    cpu: [arm64]
    os: [darwin]
    requiresBuild: true
    dev: true
    optional: true

  /@swc/core-darwin-x64/1.2.62:
    resolution: {integrity: sha512-4RAhyJm+N4TQSenhkqET+XhRvoWvhAhQvoNpcUYIOpUzR+vRakK7GUUG4qOpU01VlmqPeJgy4kCzEPzCCL8tFg==}
    engines: {node: '>=10'}
    cpu: [x64]
    os: [darwin]
    requiresBuild: true
    dev: true
    optional: true

  /@swc/core-freebsd-x64/1.2.62:
    resolution: {integrity: sha512-p1LZshYpqNZg0uT4jPXOS6XxxQgd8/5WZqo7d3+woS+CQ4+XWWXNpZFCafpnj31f7LmnBOcbPBtugBa3jLA3/Q==}
    engines: {node: '>=10'}
    cpu: [x64]
    os: [freebsd]
    requiresBuild: true
    dev: true
    optional: true

  /@swc/core-linux-arm-gnueabihf/1.2.62:
    resolution: {integrity: sha512-IDaUZIxD41gi9woKA2e+Dd8ylF42GqGLvuQsew91iA251y9flh5DPi5SBGP0TSf8T6UzJvY5r0E6lBd0geN3Tg==}
    engines: {node: '>=10'}
    cpu: [arm]
    os: [linux]
    requiresBuild: true
    dev: true
    optional: true

  /@swc/core-linux-arm64-gnu/1.2.62:
    resolution: {integrity: sha512-+yyFG9hmjdUIUPDEoTVm9AAZM50V/VyOZS1NbItswGD2SkID6KVT4dzdd5RQC4lUf6pa28yabEAMhuSRFfjh2w==}
    engines: {node: '>=10'}
    cpu: [arm64]
    os: [linux]
    requiresBuild: true
    dev: true
    optional: true

  /@swc/core-linux-arm64-musl/1.2.62:
    resolution: {integrity: sha512-Kc/rL0u6X+pTgIglgzyId5NzO1JQqrWoUlwf/jvTHLscm+DvEDqWs5Qz+nfdCQ8pmaVWbpqewqrU2TnPXxQQiA==}
    engines: {node: '>=10'}
    cpu: [arm64]
    os: [linux]
    requiresBuild: true
    dev: true
    optional: true

  /@swc/core-linux-x64-gnu/1.2.62:
    resolution: {integrity: sha512-cVWPE560MEoP8OjN0T1Di81aZiUFSWgGti6CovPvZF4nXWPbyycqSiyf0bDTsDuxZTXRJve0nN1w5Su7J7YmMA==}
    engines: {node: '>=10'}
    cpu: [x64]
    os: [linux]
    requiresBuild: true
    dev: true
    optional: true

  /@swc/core-linux-x64-musl/1.2.62:
    resolution: {integrity: sha512-LSv5x6PFQCNqsHKTSdxOF2spgMVWcOkJZAF40IsY+pYa9BfWxUjYM9VGIwGORx9uMKJsU2IozwSRv3eNFaAI3Q==}
    engines: {node: '>=10'}
    cpu: [x64]
    os: [linux]
    requiresBuild: true
    dev: true
    optional: true

  /@swc/core-win32-arm64-msvc/1.2.62:
    resolution: {integrity: sha512-oL4BHxg9C+eW5GDIvHgPDFFzJ7Em7xhyztB+f9PKOsyt3E2VIw5VLyLB3ShnBEoE9UAaq1MX203HAaibc0dL1Q==}
    engines: {node: '>=10'}
    cpu: [arm64]
    os: [win32]
    requiresBuild: true
    dev: true
    optional: true

  /@swc/core-win32-ia32-msvc/1.2.62:
    resolution: {integrity: sha512-UcpjYbykySZ/inItfwNT6N1V/CS0B69zLm408D0rBemn8Vo2CZqWZd6wlE2sle2pOM2l0301zR86iZ3uEvhrhw==}
    engines: {node: '>=10'}
    cpu: [ia32]
    os: [win32]
    requiresBuild: true
    dev: true
    optional: true

  /@swc/core-win32-x64-msvc/1.2.62:
    resolution: {integrity: sha512-QFPk5XCmZjF/RNx1Z4X0/ExWQgc0uQHOf+Qh9sPofVb+jFjFF4dbbmpbkA8+Bw5hJ1JnJD/EOaTvHMkgprf8kA==}
    engines: {node: '>=10'}
    cpu: [x64]
    os: [win32]
    requiresBuild: true
    dev: true
    optional: true

  /@swc/core/1.2.62:
    resolution: {integrity: sha512-pW9KoDJF8IVsFpLfFfSoqJTj0kJxItV4xHmSaDtDXa9Vw7PJy3OKhB1mEQDhh/FSkJbycxrxfAmi0pQGcklrjA==}
    engines: {node: '>=10'}
    dependencies:
      '@node-rs/helper': 1.2.0
    optionalDependencies:
      '@swc/core-android-arm64': 1.2.62
      '@swc/core-darwin-arm64': 1.2.62
      '@swc/core-darwin-x64': 1.2.62
      '@swc/core-freebsd-x64': 1.2.62
      '@swc/core-linux-arm-gnueabihf': 1.2.62
      '@swc/core-linux-arm64-gnu': 1.2.62
      '@swc/core-linux-arm64-musl': 1.2.62
      '@swc/core-linux-x64-gnu': 1.2.62
      '@swc/core-linux-x64-musl': 1.2.62
      '@swc/core-win32-arm64-msvc': 1.2.62
      '@swc/core-win32-ia32-msvc': 1.2.62
      '@swc/core-win32-x64-msvc': 1.2.62
    dev: true

  /@types/estree/0.0.39:
    resolution: {integrity: sha512-EYNwp3bU+98cpU4lAWYYL7Zz+2gryWH1qbdDTidVd6hkiR6weksdbMadyXKXNPEkQFhXM+hVO9ZygomHXp+AIw==}
    dev: true

  /@types/node/15.12.5:
    resolution: {integrity: sha512-se3yX7UHv5Bscf8f1ERKvQOD6sTyycH3hdaoozvaLxgUiY5lIGEeH37AD0G0Qi9kPqihPn0HOfd2yaIEN9VwEg==}
    dev: true

  /@types/resolve/1.17.1:
    resolution: {integrity: sha512-yy7HuzQhj0dhGpD8RLXSZWEkLsV9ibvxvi6EiJ3bkqLAO1RGo0WbkWQiwpRlSFymTJRz0d3k5LM3kkx8ArDbLw==}
    dependencies:
      '@types/node': 15.12.5
    dev: true

  /builtin-modules/3.2.0:
    resolution: {integrity: sha512-lGzLKcioL90C7wMczpkY0n/oART3MbBa8R9OFGE1rJxoVI86u4WAGfEk8Wjv10eKSyTHVGkSo3bvBylCEtk7LA==}
    engines: {node: '>=6'}
    dev: true

  /deepmerge/4.2.2:
    resolution: {integrity: sha512-FJ3UgI4gIl+PHZm53knsuSFpE+nESMr7M4v9QcgB7S63Kj/6WqMiFQJpBBYz1Pt+66bZpP3Q7Lye0Oo9MPKEdg==}
    engines: {node: '>=0.10.0'}
    dev: true

  /estree-walker/1.0.1:
    resolution: {integrity: sha512-1fMXF3YP4pZZVozF8j/ZLfvnR8NSIljt56UhbZ5PeeDmmGHpgpdwQt7ITlGvYaQukCvuBRMLEiKiYC+oeIg4cg==}
    dev: true

  /estree-walker/2.0.2:
    resolution: {integrity: sha512-Rfkk/Mp/DL7JVje3u18FxFujQlTNR2q6QfMSMB7AvCBx91NGj/ba3kCfza0f6dVDbw7YlRf/nDrn7pQrCCyQ/w==}
    dev: false

  /fsevents/2.3.2:
    resolution: {integrity: sha512-xiqMQR4xAeHTuB9uWm+fFRcIOgKBMiOBP+eXiyT7jsgVCq1bkVygt00oASowB7EdtpOHaaPgKt812P9ab+DDKA==}
    engines: {node: ^8.16.0 || ^10.6.0 || >=11.0.0}
    os: [darwin]
    requiresBuild: true
    dev: true
    optional: true

  /function-bind/1.1.1:
    resolution: {integrity: sha512-yIovAzMX49sF8Yl58fSCWJ5svSLuaibPxXQJFLmBObTuCr0Mf1KiPopGM9NiFjiYBCbfaa2Fh6breQ6ANVTI0A==}
    dev: true

  /has/1.0.3:
    resolution: {integrity: sha512-f2dvO0VU6Oej7RkWJGrehjbzMAjFp5/VKPp5tTpWIV4JHHZK1/BxbFRtf/siA2SWTe09caDmVtYYzWEIbBS4zw==}
    engines: {node: '>= 0.4.0'}
    dependencies:
      function-bind: 1.1.1
    dev: true

  /is-core-module/2.4.0:
    resolution: {integrity: sha512-6A2fkfq1rfeQZjxrZJGerpLCTHRNEBiSgnu0+obeJpEPZRUooHgsizvzv0ZjJwOz3iWIHdJtVWJ/tmPr3D21/A==}
    dependencies:
      has: 1.0.3
    dev: true

  /is-module/1.0.0:
    resolution: {integrity: sha1-Mlj7afeMFNW4FdZkM2tM/7ZEFZE=}
    dev: true

  /path-parse/1.0.7:
    resolution: {integrity: sha512-LDJzPVEEEPR+y48z93A0Ed0yXb8pAByGWo/k5YYdYgpY2/2EsOsksJrq7lOHxryrVOn1ejG6oAp8ahvOIQD8sw==}
    dev: true

  /picomatch/2.3.0:
    resolution: {integrity: sha512-lY1Q/PiJGC2zOv/z391WOTD+Z02bCgsFfvxoXXf6h7kv9o+WmsmzYqrAwY63sNgOxE4xEdq0WyUnXfKeBrSvYw==}
    engines: {node: '>=8.6'}

  /resolve/1.20.0:
    resolution: {integrity: sha512-wENBPt4ySzg4ybFQW2TT1zMQucPK95HSh/nq2CFTZVOGut2+pQvSsgtda4d26YrYcr067wjbmzOG8byDPBX63A==}
    dependencies:
      is-core-module: 2.4.0
      path-parse: 1.0.7
    dev: true

  /rollup/2.52.4:
    resolution: {integrity: sha512-AXgUxxWXyGfsj8GKleR1k8KsG8G+7ZZDRU9RZb9PnLGSyTqI/1qf/+QSp1hRaR40j4yfBCKXs5khtGKiFwihfg==}
    engines: {node: '>=10.0.0'}
    hasBin: true
    optionalDependencies:
      fsevents: 2.3.2
    dev: true

  /tslib/2.3.0:
    resolution: {integrity: sha512-N82ooyxVNm6h1riLCoyS9e3fuJ3AMG2zIZs2Gd1ATcSFjSA23Q0fzjjZeh0jbJvWVDZ0cJT8yaNNaaXHzueNjg==}
    dev: true

  /typescript/4.3.4:
    resolution: {integrity: sha512-uauPG7XZn9F/mo+7MrsRjyvbxFpzemRjKEZXS4AK83oP2KKOJPvb+9cO/gmnv8arWZvhnjVOXz7B49m1l0e9Ew==}
    engines: {node: '>=4.2.0'}
    hasBin: true
    dev: true
